
Microsoft Visual Studio Solution File, Format Version 12.00
# Visual Studio Version 16
VisualStudioVersion = 16.0.30907.101
MinimumVisualStudioVersion = 10.0.40219.1
Project("{FAE04EC0-301F-11D3-BF4B-00C04F79EFBC}") = "Kalkulator", "Kalkulator\Kalkulator.csproj", "{66E9D489-B6FC-484B-B9D9-9B45AEF9A226}"
EndProject
Global
	GlobalSection(SolutionConfigurationPlatforms) = preSolution
		Debug|Any CPU = Debug|Any CPU
		Release|Any CPU = Release|Any CPU
	EndGlobalSection
	GlobalSection(ProjectConfigurationPlatforms) = postSolution
		{66E9D489-B6FC-484B-B9D9-9B45AEF9A226}.Debug|Any CPU.ActiveCfg = Debug|Any CPU
		{66E9D489-B6FC-484B-B9D9-9B45AEF9A226}.Debug|Any CPU.Build.0 = Debug|Any CPU
		{66E9D489-B6FC-484B-B9D9-9B45AEF9A226}.Release|Any CPU.ActiveCfg = Release|Any CPU
		{66E9D489-B6FC-484B-B9D9-9B45AEF9A226}.Release|Any CPU.Build.0 = Release|Any CPU
	EndGlobalSection
	GlobalSection(SolutionProperties) = preSolution
		HideSolutionNode = FALSE
	EndGlobalSection
	GlobalSection(ExtensibilityGlobals) = postSolution
		SolutionGuid = {72F77EE7-F3D4-423D-9EE5-B5F59B6DA3E1}
	EndGlobalSection
EndGlobal
